
Microsoft Visual Studio Solution File, Format Version 12.00
# Visual Studio Version 17
VisualStudioVersion = 17.0.31903.59
MinimumVisualStudioVersion = 10.0.40219.1
Project("{9A19103F-16F7-4668-BE54-9A1E7A4F7556}") = "PokemonSaveEditor.Console", "PokemonSaveEditor.Console\PokemonSaveEditor.Console.csproj", "{4A12D894-EC95-455E-B91E-5BC707D81A0A}"
EndProject
Project("{9A19103F-16F7-4668-BE54-9A1E7A4F7556}") = "PokemonSaveEditor.Libraries.Utils", "PokemonSaveEditor.Libraries.Utils\PokemonSaveEditor.Libraries.Utils.csproj", "{248AC5C2-4FEE-43D2-84DA-C33335F1ECF1}"
EndProject
Project("{9A19103F-16F7-4668-BE54-9A1E7A4F7556}") = "PokemonSaveEditor.Libraries", "PokemonSaveEditor.Libraries\PokemonSaveEditor.Libraries.csproj", "{5737BCE4-E651-4F63-8DF5-BF6DFC0D8B4E}"
EndProject
Project("{9A19103F-16F7-4668-BE54-9A1E7A4F7556}") = "PokemonSaveEditor.Api", "PokemonSaveEditor.Api\PokemonSaveEditor.Api.csproj", "{5BC1BCCF-807B-4968-BC7D-D0F121885A41}"
EndProject
Project("{9A19103F-16F7-4668-BE54-9A1E7A4F7556}") = "PokemonSaveEditor.Api.Contracts", "PokemonSaveEditor.Api.Contracts\PokemonSaveEditor.Api.Contracts.csproj", "{601489CF-2276-4E97-A899-02D0186185C1}"
EndProject
Project("{2150E333-8FDC-42A3-9474-1A3956D46DE8}") = "Solution Items", "Solution Items", "{027BC171-2A84-4A3B-ADE6-4B122A013B45}"
	ProjectSection(SolutionItems) = preProject
		.editorconfig = .editorconfig
	EndProjectSection
EndProject
Global
	GlobalSection(SolutionConfigurationPlatforms) = preSolution
		Debug|Any CPU = Debug|Any CPU
		Release|Any CPU = Release|Any CPU
	EndGlobalSection
	GlobalSection(ProjectConfigurationPlatforms) = postSolution
		{4A12D894-EC95-455E-B91E-5BC707D81A0A}.Debug|Any CPU.ActiveCfg = Debug|Any CPU
		{4A12D894-EC95-455E-B91E-5BC707D81A0A}.Debug|Any CPU.Build.0 = Debug|Any CPU
		{4A12D894-EC95-455E-B91E-5BC707D81A0A}.Release|Any CPU.ActiveCfg = Release|Any CPU
		{4A12D894-EC95-455E-B91E-5BC707D81A0A}.Release|Any CPU.Build.0 = Release|Any CPU
		{248AC5C2-4FEE-43D2-84DA-C33335F1ECF1}.Debug|Any CPU.ActiveCfg = Debug|Any CPU
		{248AC5C2-4FEE-43D2-84DA-C33335F1ECF1}.Debug|Any CPU.Build.0 = Debug|Any CPU
		{248AC5C2-4FEE-43D2-84DA-C33335F1ECF1}.Release|Any CPU.ActiveCfg = Release|Any CPU
		{248AC5C2-4FEE-43D2-84DA-C33335F1ECF1}.Release|Any CPU.Build.0 = Release|Any CPU
		{5737BCE4-E651-4F63-8DF5-BF6DFC0D8B4E}.Debug|Any CPU.ActiveCfg = Debug|Any CPU
		{5737BCE4-E651-4F63-8DF5-BF6DFC0D8B4E}.Debug|Any CPU.Build.0 = Debug|Any CPU
		{5737BCE4-E651-4F63-8DF5-BF6DFC0D8B4E}.Release|Any CPU.ActiveCfg = Release|Any CPU
		{5737BCE4-E651-4F63-8DF5-BF6DFC0D8B4E}.Release|Any CPU.Build.0 = Release|Any CPU
		{5BC1BCCF-807B-4968-BC7D-D0F121885A41}.Debug|Any CPU.ActiveCfg = Debug|Any CPU
		{5BC1BCCF-807B-4968-BC7D-D0F121885A41}.Debug|Any CPU.Build.0 = Debug|Any CPU
		{5BC1BCCF-807B-4968-BC7D-D0F121885A41}.Release|Any CPU.ActiveCfg = Release|Any CPU
		{5BC1BCCF-807B-4968-BC7D-D0F121885A41}.Release|Any CPU.Build.0 = Release|Any CPU
		{601489CF-2276-4E97-A899-02D0186185C1}.Debug|Any CPU.ActiveCfg = Debug|Any CPU
		{601489CF-2276-4E97-A899-02D0186185C1}.Debug|Any CPU.Build.0 = Debug|Any CPU
		{601489CF-2276-4E97-A899-02D0186185C1}.Release|Any CPU.ActiveCfg = Release|Any CPU
		{601489CF-2276-4E97-A899-02D0186185C1}.Release|Any CPU.Build.0 = Release|Any CPU
	EndGlobalSection
	GlobalSection(SolutionProperties) = preSolution
		HideSolutionNode = FALSE
	EndGlobalSection
	GlobalSection(ExtensibilityGlobals) = postSolution
		SolutionGuid = {04B2F0D2-C019-44E8-8504-C5F7A5CE9282}
	EndGlobalSection
EndGlobal
